{
  "name": "netlify-cli",
  "version": "1.2.0",
  "dependencies": {
    "ansi-escapes": {
      "version": "1.4.0",
      "from": "ansi-escapes@>=1.1.0 <2.0.0",
      "resolved": "https://registry.npmjs.org/ansi-escapes/-/ansi-escapes-1.4.0.tgz"
    },
    "ansi-regex": {
      "version": "0.2.1",
      "from": "ansi-regex@>=0.2.0 <0.3.0",
      "resolved": "https://registry.npmjs.org/ansi-regex/-/ansi-regex-0.2.1.tgz"
    },
    "ansi-styles": {
      "version": "1.1.0",
      "from": "ansi-styles@>=1.1.0 <2.0.0",
      "resolved": "https://registry.npmjs.org/ansi-styles/-/ansi-styles-1.1.0.tgz"
    },
    "async": {
      "version": "0.2.10",
      "from": "async@>=0.2.9 <0.3.0",
      "resolved": "https://registry.npmjs.org/async/-/async-0.2.10.tgz"
    },
    "balanced-match": {
      "version": "0.4.2",
      "from": "balanced-match@>=0.4.1 <0.5.0",
      "resolved": "https://registry.npmjs.org/balanced-match/-/balanced-match-0.4.2.tgz"
    },
    "base64-js": {
      "version": "1.2.0",
      "from": "base64-js@>=0.0.4",
      "resolved": "https://registry.npmjs.org/base64-js/-/base64-js-1.2.0.tgz"
    },
    "boxen": {
      "version": "0.3.1",
      "from": "boxen@>=0.3.1 <0.4.0",
      "resolved": "https://registry.npmjs.org/boxen/-/boxen-0.3.1.tgz",
      "dependencies": {
        "ansi-regex": {
          "version": "2.0.0",
          "from": "ansi-regex@>=2.0.0 <3.0.0",
          "resolved": "https://registry.npmjs.org/ansi-regex/-/ansi-regex-2.0.0.tgz"
        },
        "ansi-styles": {
          "version": "2.2.1",
          "from": "ansi-styles@>=2.2.1 <3.0.0",
          "resolved": "https://registry.npmjs.org/ansi-styles/-/ansi-styles-2.2.1.tgz"
        },
        "chalk": {
          "version": "1.1.3",
          "from": "chalk@>=1.1.1 <2.0.0",
          "resolved": "https://registry.npmjs.org/chalk/-/chalk-1.1.3.tgz"
        },
        "has-ansi": {
          "version": "2.0.0",
          "from": "has-ansi@>=2.0.0 <3.0.0",
          "resolved": "https://registry.npmjs.org/has-ansi/-/has-ansi-2.0.0.tgz"
        },
        "strip-ansi": {
          "version": "3.0.1",
          "from": "strip-ansi@>=3.0.0 <4.0.0",
          "resolved": "https://registry.npmjs.org/strip-ansi/-/strip-ansi-3.0.1.tgz"
        },
        "supports-color": {
          "version": "2.0.0",
          "from": "supports-color@>=2.0.0 <3.0.0",
          "resolved": "https://registry.npmjs.org/supports-color/-/supports-color-2.0.0.tgz"
        }
      }
    },
    "brace-expansion": {
      "version": "1.1.6",
      "from": "brace-expansion@>=1.0.0 <2.0.0",
      "resolved": "https://registry.npmjs.org/brace-expansion/-/brace-expansion-1.1.6.tgz"
    },
    "buffer-shims": {
      "version": "1.0.0",
      "from": "buffer-shims@>=1.0.0 <2.0.0",
      "resolved": "https://registry.npmjs.org/buffer-shims/-/buffer-shims-1.0.0.tgz"
    },
    "capture-stack-trace": {
      "version": "1.0.0",
      "from": "capture-stack-trace@>=1.0.0 <2.0.0",
      "resolved": "https://registry.npmjs.org/capture-stack-trace/-/capture-stack-trace-1.0.0.tgz"
    },
    "chalk": {
      "version": "0.5.1",
      "from": "chalk@>=0.5.1 <0.6.0",
      "resolved": "https://registry.npmjs.org/chalk/-/chalk-0.5.1.tgz"
    },
    "cli-cursor": {
      "version": "1.0.2",
      "from": "cli-cursor@>=1.0.1 <2.0.0",
      "resolved": "https://registry.npmjs.org/cli-cursor/-/cli-cursor-1.0.2.tgz"
    },
    "cli-width": {
      "version": "1.1.1",
      "from": "cli-width@>=1.0.1 <2.0.0",
      "resolved": "https://registry.npmjs.org/cli-width/-/cli-width-1.1.1.tgz"
    },
    "code-point-at": {
      "version": "1.0.1",
      "from": "code-point-at@>=1.0.0 <2.0.0",
      "resolved": "https://registry.npmjs.org/code-point-at/-/code-point-at-1.0.1.tgz"
    },
    "colors": {
      "version": "0.6.2",
      "from": "colors@>=0.6.0 <0.7.0",
      "resolved": "https://registry.npmjs.org/colors/-/colors-0.6.2.tgz"
    },
    "commander": {
      "version": "2.9.0",
      "from": "commander@>=2.9.0 <3.0.0",
      "resolved": "https://registry.npmjs.org/commander/-/commander-2.9.0.tgz"
    },
    "concat-map": {
      "version": "0.0.1",
      "from": "concat-map@0.0.1",
      "resolved": "https://registry.npmjs.org/concat-map/-/concat-map-0.0.1.tgz"
    },
    "configstore": {
      "version": "2.1.0",
      "from": "configstore@>=2.0.0 <3.0.0",
      "resolved": "https://registry.npmjs.org/configstore/-/configstore-2.1.0.tgz",
      "dependencies": {
        "graceful-fs": {
          "version": "4.1.9",
          "from": "graceful-fs@>=4.1.2 <5.0.0",
          "resolved": "https://registry.npmjs.org/graceful-fs/-/graceful-fs-4.1.9.tgz"
        }
      }
    },
    "core-util-is": {
      "version": "1.0.2",
      "from": "core-util-is@>=1.0.0 <1.1.0",
      "resolved": "https://registry.npmjs.org/core-util-is/-/core-util-is-1.0.2.tgz"
    },
    "create-error-class": {
      "version": "3.0.2",
      "from": "create-error-class@>=3.0.1 <4.0.0",
      "resolved": "https://registry.npmjs.org/create-error-class/-/create-error-class-3.0.2.tgz"
    },
    "cycle": {
      "version": "1.0.3",
      "from": "cycle@>=1.0.0 <1.1.0",
      "resolved": "https://registry.npmjs.org/cycle/-/cycle-1.0.3.tgz"
    },
    "deep-equal": {
      "version": "1.0.1",
      "from": "deep-equal@*",
      "resolved": "https://registry.npmjs.org/deep-equal/-/deep-equal-1.0.1.tgz"
    },
    "deep-extend": {
      "version": "0.4.1",
      "from": "deep-extend@>=0.4.0 <0.5.0",
      "resolved": "https://registry.npmjs.org/deep-extend/-/deep-extend-0.4.1.tgz"
    },
    "dot-prop": {
      "version": "3.0.0",
      "from": "dot-prop@>=3.0.0 <4.0.0",
      "resolved": "https://registry.npmjs.org/dot-prop/-/dot-prop-3.0.0.tgz"
    },
    "duplexer2": {
      "version": "0.1.4",
      "from": "duplexer2@>=0.1.4 <0.2.0",
      "resolved": "https://registry.npmjs.org/duplexer2/-/duplexer2-0.1.4.tgz"
    },
    "error-ex": {
      "version": "1.3.0",
      "from": "error-ex@>=1.2.0 <2.0.0",
      "resolved": "https://registry.npmjs.org/error-ex/-/error-ex-1.3.0.tgz"
    },
    "escape-string-regexp": {
      "version": "1.0.5",
      "from": "escape-string-regexp@>=1.0.0 <2.0.0",
      "resolved": "https://registry.npmjs.org/escape-string-regexp/-/escape-string-regexp-1.0.5.tgz"
    },
    "exit-hook": {
      "version": "1.1.1",
      "from": "exit-hook@>=1.0.0 <2.0.0",
      "resolved": "https://registry.npmjs.org/exit-hook/-/exit-hook-1.1.1.tgz"
    },
    "eyes": {
      "version": "0.1.8",
      "from": "eyes@>=0.1.0 <0.2.0",
      "resolved": "https://registry.npmjs.org/eyes/-/eyes-0.1.8.tgz"
    },
    "figures": {
      "version": "1.7.0",
      "from": "figures@>=1.3.5 <2.0.0",
      "resolved": "https://registry.npmjs.org/figures/-/figures-1.7.0.tgz"
    },
    "filled-array": {
      "version": "1.1.0",
      "from": "filled-array@>=1.0.0 <2.0.0",
      "resolved": "https://registry.npmjs.org/filled-array/-/filled-array-1.1.0.tgz"
    },
    "fs.realpath": {
      "version": "1.0.0",
      "from": "fs.realpath@>=1.0.0 <2.0.0",
      "resolved": "https://registry.npmjs.org/fs.realpath/-/fs.realpath-1.0.0.tgz"
    },
    "github": {
      "version": "0.2.4",
      "from": "github@>=0.2.4 <0.3.0",
      "resolved": "https://registry.npmjs.org/github/-/github-0.2.4.tgz"
    },
    "glob": {
      "version": "7.1.1",
      "from": "glob@>=3.2.6",
      "resolved": "https://registry.npmjs.org/glob/-/glob-7.1.1.tgz"
    },
    "got": {
      "version": "5.6.0",
      "from": "got@>=5.0.0 <6.0.0",
      "resolved": "https://registry.npmjs.org/got/-/got-5.6.0.tgz"
    },
    "graceful-fs": {
      "version": "3.0.11",
      "from": "graceful-fs@>=3.0.4 <4.0.0",
      "resolved": "https://registry.npmjs.org/graceful-fs/-/graceful-fs-3.0.11.tgz"
    },
    "graceful-readlink": {
      "version": "1.0.1",
      "from": "graceful-readlink@>=1.0.0",
      "resolved": "https://registry.npmjs.org/graceful-readlink/-/graceful-readlink-1.0.1.tgz"
    },
    "has-ansi": {
      "version": "0.1.0",
      "from": "has-ansi@>=0.1.0 <0.2.0",
      "resolved": "https://registry.npmjs.org/has-ansi/-/has-ansi-0.1.0.tgz"
    },
    "home-dir": {
      "version": "0.2.0",
      "from": "home-dir@>=0.2.0 <0.3.0",
      "resolved": "https://registry.npmjs.org/home-dir/-/home-dir-0.2.0.tgz"
    },
    "i": {
      "version": "0.3.5",
      "from": "i@>=0.3.0 <0.4.0",
      "resolved": "https://registry.npmjs.org/i/-/i-0.3.5.tgz"
    },
    "imurmurhash": {
      "version": "0.1.4",
      "from": "imurmurhash@>=0.1.4 <0.2.0",
      "resolved": "https://registry.npmjs.org/imurmurhash/-/imurmurhash-0.1.4.tgz"
    },
    "inflight": {
      "version": "1.0.6",
      "from": "inflight@>=1.0.4 <2.0.0",
      "resolved": "https://registry.npmjs.org/inflight/-/inflight-1.0.6.tgz"
    },
    "inherits": {
      "version": "2.0.3",
      "from": "inherits@>=2.0.0 <3.0.0",
      "resolved": "https://registry.npmjs.org/inherits/-/inherits-2.0.3.tgz"
    },
    "ini": {
      "version": "1.3.4",
      "from": "ini@>=1.3.0 <1.4.0",
      "resolved": "https://registry.npmjs.org/ini/-/ini-1.3.4.tgz"
    },
    "inquirer": {
      "version": "0.11.4",
      "from": "inquirer@>=0.11.0 <0.12.0",
      "resolved": "https://registry.npmjs.org/inquirer/-/inquirer-0.11.4.tgz",
      "dependencies": {
        "ansi-regex": {
          "version": "2.0.0",
          "from": "ansi-regex@>=2.0.0 <3.0.0",
          "resolved": "https://registry.npmjs.org/ansi-regex/-/ansi-regex-2.0.0.tgz"
        },
        "ansi-styles": {
          "version": "2.2.1",
          "from": "ansi-styles@>=2.2.1 <3.0.0",
          "resolved": "https://registry.npmjs.org/ansi-styles/-/ansi-styles-2.2.1.tgz"
        },
        "chalk": {
          "version": "1.1.3",
          "from": "chalk@>=1.0.0 <2.0.0",
          "resolved": "https://registry.npmjs.org/chalk/-/chalk-1.1.3.tgz"
        },
        "has-ansi": {
          "version": "2.0.0",
          "from": "has-ansi@>=2.0.0 <3.0.0",
          "resolved": "https://registry.npmjs.org/has-ansi/-/has-ansi-2.0.0.tgz"
        },
        "strip-ansi": {
          "version": "3.0.1",
          "from": "strip-ansi@>=3.0.0 <4.0.0",
          "resolved": "https://registry.npmjs.org/strip-ansi/-/strip-ansi-3.0.1.tgz"
        },
        "supports-color": {
          "version": "2.0.0",
          "from": "supports-color@>=2.0.0 <3.0.0",
          "resolved": "https://registry.npmjs.org/supports-color/-/supports-color-2.0.0.tgz"
        }
      }
    },
    "is-arrayish": {
      "version": "0.2.1",
      "from": "is-arrayish@>=0.2.1 <0.3.0",
      "resolved": "https://registry.npmjs.org/is-arrayish/-/is-arrayish-0.2.1.tgz"
    },
    "is-finite": {
      "version": "1.0.2",
      "from": "is-finite@>=1.0.0 <2.0.0",
      "resolved": "https://registry.npmjs.org/is-finite/-/is-finite-1.0.2.tgz"
    },
    "is-fullwidth-code-point": {
      "version": "1.0.0",
      "from": "is-fullwidth-code-point@>=1.0.0 <2.0.0",
      "resolved": "https://registry.npmjs.org/is-fullwidth-code-point/-/is-fullwidth-code-point-1.0.0.tgz"
    },
    "is-npm": {
      "version": "1.0.0",
      "from": "is-npm@>=1.0.0 <2.0.0",
      "resolved": "https://registry.npmjs.org/is-npm/-/is-npm-1.0.0.tgz"
    },
    "is-obj": {
      "version": "1.0.1",
      "from": "is-obj@>=1.0.0 <2.0.0",
      "resolved": "https://registry.npmjs.org/is-obj/-/is-obj-1.0.1.tgz"
    },
    "is-plain-obj": {
      "version": "1.1.0",
      "from": "is-plain-obj@>=1.0.0 <2.0.0",
      "resolved": "https://registry.npmjs.org/is-plain-obj/-/is-plain-obj-1.1.0.tgz"
    },
    "is-redirect": {
      "version": "1.0.0",
      "from": "is-redirect@>=1.0.0 <2.0.0",
      "resolved": "https://registry.npmjs.org/is-redirect/-/is-redirect-1.0.0.tgz"
    },
    "is-retry-allowed": {
      "version": "1.1.0",
      "from": "is-retry-allowed@>=1.0.0 <2.0.0",
      "resolved": "https://registry.npmjs.org/is-retry-allowed/-/is-retry-allowed-1.1.0.tgz"
    },
    "is-stream": {
      "version": "1.1.0",
      "from": "is-stream@>=1.0.0 <2.0.0",
      "resolved": "https://registry.npmjs.org/is-stream/-/is-stream-1.1.0.tgz"
    },
    "isarray": {
      "version": "1.0.0",
      "from": "isarray@>=1.0.0 <1.1.0",
      "resolved": "https://registry.npmjs.org/isarray/-/isarray-1.0.0.tgz"
    },
    "isstream": {
      "version": "0.1.2",
      "from": "isstream@>=0.1.0 <0.2.0",
      "resolved": "https://registry.npmjs.org/isstream/-/isstream-0.1.2.tgz"
    },
    "latest-version": {
      "version": "2.0.0",
      "from": "latest-version@>=2.0.0 <3.0.0",
      "resolved": "https://registry.npmjs.org/latest-version/-/latest-version-2.0.0.tgz"
    },
    "lodash": {
      "version": "3.10.1",
      "from": "lodash@>=3.3.1 <4.0.0",
      "resolved": "https://registry.npmjs.org/lodash/-/lodash-3.10.1.tgz"
    },
    "lowercase-keys": {
      "version": "1.0.0",
      "from": "lowercase-keys@>=1.0.0 <2.0.0",
      "resolved": "https://registry.npmjs.org/lowercase-keys/-/lowercase-keys-1.0.0.tgz"
    },
    "mime": {
      "version": "1.3.4",
      "from": "mime@>=1.2.11 <2.0.0",
      "resolved": "https://registry.npmjs.org/mime/-/mime-1.3.4.tgz"
    },
    "minimatch": {
      "version": "3.0.3",
      "from": "minimatch@>=3.0.2 <4.0.0",
      "resolved": "https://registry.npmjs.org/minimatch/-/minimatch-3.0.3.tgz"
    },
    "minimist": {
      "version": "0.0.8",
      "from": "minimist@0.0.8",
      "resolved": "https://registry.npmjs.org/minimist/-/minimist-0.0.8.tgz"
    },
    "mkdirp": {
      "version": "0.5.1",
      "from": "mkdirp@>=0.0.0 <1.0.0",
      "resolved": "https://registry.npmjs.org/mkdirp/-/mkdirp-0.5.1.tgz"
    },
    "mute-stream": {
      "version": "0.0.5",
      "from": "mute-stream@0.0.5",
      "resolved": "https://registry.npmjs.org/mute-stream/-/mute-stream-0.0.5.tgz"
    },
    "natives": {
      "version": "1.1.0",
      "from": "natives@>=1.1.0 <2.0.0",
      "resolved": "https://registry.npmjs.org/natives/-/natives-1.1.0.tgz"
    },
    "ncp": {
      "version": "0.4.2",
      "from": "ncp@>=0.4.0 <0.5.0",
      "resolved": "https://registry.npmjs.org/ncp/-/ncp-0.4.2.tgz"
    },
    "netlify": {
      "version": "1.2.0",
      "from": "netlify@>=1.2.0 <2.0.0"
    },
    "node-status-codes": {
      "version": "1.0.0",
      "from": "node-status-codes@>=1.0.0 <2.0.0",
      "resolved": "https://registry.npmjs.org/node-status-codes/-/node-status-codes-1.0.0.tgz"
    },
    "number-is-nan": {
      "version": "1.0.1",
      "from": "number-is-nan@>=1.0.0 <2.0.0",
      "resolved": "https://registry.npmjs.org/number-is-nan/-/number-is-nan-1.0.1.tgz"
    },
    "object-assign": {
      "version": "4.1.0",
      "from": "object-assign@>=4.1.0 <5.0.0",
      "resolved": "https://registry.npmjs.org/object-assign/-/object-assign-4.1.0.tgz"
    },
    "once": {
      "version": "1.4.0",
      "from": "once@>=1.3.0 <2.0.0",
      "resolved": "https://registry.npmjs.org/once/-/once-1.4.0.tgz"
    },
    "onetime": {
      "version": "1.1.0",
      "from": "onetime@>=1.0.0 <2.0.0",
      "resolved": "https://registry.npmjs.org/onetime/-/onetime-1.1.0.tgz"
    },
    "open": {
      "version": "0.0.5",
      "from": "open@0.0.5",
      "resolved": "https://registry.npmjs.org/open/-/open-0.0.5.tgz"
    },
    "os-homedir": {
      "version": "1.0.2",
      "from": "os-homedir@>=1.0.0 <2.0.0",
      "resolved": "https://registry.npmjs.org/os-homedir/-/os-homedir-1.0.2.tgz"
    },
    "os-tmpdir": {
      "version": "1.0.2",
      "from": "os-tmpdir@>=1.0.0 <2.0.0",
      "resolved": "https://registry.npmjs.org/os-tmpdir/-/os-tmpdir-1.0.2.tgz"
    },
    "osenv": {
      "version": "0.1.3",
      "from": "osenv@>=0.1.0 <0.2.0",
      "resolved": "https://registry.npmjs.org/osenv/-/osenv-0.1.3.tgz"
    },
    "package-json": {
      "version": "2.4.0",
      "from": "package-json@>=2.0.0 <3.0.0",
      "resolved": "https://registry.npmjs.org/package-json/-/package-json-2.4.0.tgz"
    },
    "parse-json": {
      "version": "2.2.0",
      "from": "parse-json@>=2.1.0 <3.0.0",
      "resolved": "https://registry.npmjs.org/parse-json/-/parse-json-2.2.0.tgz"
    },
    "path-is-absolute": {
      "version": "1.0.1",
      "from": "path-is-absolute@>=1.0.0 <2.0.0",
      "resolved": "https://registry.npmjs.org/path-is-absolute/-/path-is-absolute-1.0.1.tgz"
    },
    "pinkie": {
      "version": "2.0.4",
      "from": "pinkie@>=2.0.0 <3.0.0",
      "resolved": "https://registry.npmjs.org/pinkie/-/pinkie-2.0.4.tgz"
    },
    "pinkie-promise": {
      "version": "2.0.1",
      "from": "pinkie-promise@>=2.0.0 <3.0.0",
      "resolved": "https://registry.npmjs.org/pinkie-promise/-/pinkie-promise-2.0.1.tgz"
    },
    "pkginfo": {
      "version": "0.4.0",
      "from": "pkginfo@>=0.0.0 <1.0.0",
      "resolved": "https://registry.npmjs.org/pkginfo/-/pkginfo-0.4.0.tgz"
    },
    "prepend-http": {
      "version": "1.0.4",
      "from": "prepend-http@>=1.0.1 <2.0.0",
      "resolved": "https://registry.npmjs.org/prepend-http/-/prepend-http-1.0.4.tgz"
    },
    "process-nextick-args": {
      "version": "1.0.7",
      "from": "process-nextick-args@>=1.0.6 <1.1.0",
      "resolved": "https://registry.npmjs.org/process-nextick-args/-/process-nextick-args-1.0.7.tgz"
    },
    "prompt": {
      "version": "0.2.14",
      "from": "prompt@>=0.2.14 <0.3.0",
      "resolved": "https://registry.npmjs.org/prompt/-/prompt-0.2.14.tgz"
    },
    "rc": {
      "version": "1.1.6",
      "from": "rc@>=1.1.6 <2.0.0",
      "resolved": "https://registry.npmjs.org/rc/-/rc-1.1.6.tgz",
      "dependencies": {
        "minimist": {
          "version": "1.2.0",
          "from": "minimist@>=1.2.0 <2.0.0",
          "resolved": "https://registry.npmjs.org/minimist/-/minimist-1.2.0.tgz"
        }
      }
    },
    "read": {
      "version": "1.0.7",
      "from": "read@>=1.0.0 <1.1.0",
      "resolved": "https://registry.npmjs.org/read/-/read-1.0.7.tgz"
    },
    "read-all-stream": {
      "version": "3.1.0",
      "from": "read-all-stream@>=3.0.0 <4.0.0",
      "resolved": "https://registry.npmjs.org/read-all-stream/-/read-all-stream-3.1.0.tgz"
    },
    "readable-stream": {
      "version": "2.1.5",
      "from": "readable-stream@>=2.0.5 <3.0.0",
      "resolved": "https://registry.npmjs.org/readable-stream/-/readable-stream-2.1.5.tgz"
    },
    "readline2": {
      "version": "1.0.1",
      "from": "readline2@>=1.0.1 <2.0.0",
      "resolved": "https://registry.npmjs.org/readline2/-/readline2-1.0.1.tgz"
    },
    "registry-auth-token": {
      "version": "3.1.0",
      "from": "registry-auth-token@>=3.0.1 <4.0.0",
      "resolved": "https://registry.npmjs.org/registry-auth-token/-/registry-auth-token-3.1.0.tgz"
    },
    "registry-url": {
      "version": "3.1.0",
      "from": "registry-url@>=3.0.3 <4.0.0",
      "resolved": "https://registry.npmjs.org/registry-url/-/registry-url-3.1.0.tgz"
    },
    "repeating": {
      "version": "2.0.1",
      "from": "repeating@>=2.0.0 <3.0.0",
      "resolved": "https://registry.npmjs.org/repeating/-/repeating-2.0.1.tgz"
    },
    "restore-cursor": {
      "version": "1.0.1",
      "from": "restore-cursor@>=1.0.1 <2.0.0",
      "resolved": "https://registry.npmjs.org/restore-cursor/-/restore-cursor-1.0.1.tgz"
    },
    "revalidator": {
      "version": "0.1.8",
      "from": "revalidator@>=0.1.0 <0.2.0",
      "resolved": "https://registry.npmjs.org/revalidator/-/revalidator-0.1.8.tgz"
    },
    "rimraf": {
      "version": "2.5.4",
      "from": "rimraf@>=2.0.0 <3.0.0",
      "resolved": "https://registry.npmjs.org/rimraf/-/rimraf-2.5.4.tgz"
    },
    "run-async": {
      "version": "0.1.0",
      "from": "run-async@>=0.1.0 <0.2.0",
      "resolved": "https://registry.npmjs.org/run-async/-/run-async-0.1.0.tgz"
    },
    "rx-lite": {
      "version": "3.1.2",
      "from": "rx-lite@>=3.1.2 <4.0.0",
      "resolved": "https://registry.npmjs.org/rx-lite/-/rx-lite-3.1.2.tgz"
    },
    "semaphore": {
      "version": "1.0.5",
      "from": "semaphore@>=1.0.5 <2.0.0",
      "resolved": "https://registry.npmjs.org/semaphore/-/semaphore-1.0.5.tgz"
    },
    "semver": {
      "version": "5.3.0",
      "from": "semver@>=5.1.0 <6.0.0",
      "resolved": "https://registry.npmjs.org/semver/-/semver-5.3.0.tgz"
    },
    "semver-diff": {
      "version": "2.1.0",
      "from": "semver-diff@>=2.0.0 <3.0.0",
      "resolved": "https://registry.npmjs.org/semver-diff/-/semver-diff-2.1.0.tgz"
    },
    "slide": {
      "version": "1.1.6",
      "from": "slide@>=1.1.5 <2.0.0",
      "resolved": "https://registry.npmjs.org/slide/-/slide-1.1.6.tgz"
    },
    "stack-trace": {
      "version": "0.0.9",
      "from": "stack-trace@>=0.0.0 <0.1.0",
      "resolved": "https://registry.npmjs.org/stack-trace/-/stack-trace-0.0.9.tgz"
    },
    "string_decoder": {
      "version": "0.10.31",
      "from": "string_decoder@>=0.10.0 <0.11.0",
      "resolved": "https://registry.npmjs.org/string_decoder/-/string_decoder-0.10.31.tgz"
    },
    "string-width": {
      "version": "1.0.2",
      "from": "string-width@>=1.0.1 <2.0.0",
      "resolved": "https://registry.npmjs.org/string-width/-/string-width-1.0.2.tgz",
      "dependencies": {
        "ansi-regex": {
          "version": "2.0.0",
          "from": "ansi-regex@>=2.0.0 <3.0.0",
          "resolved": "https://registry.npmjs.org/ansi-regex/-/ansi-regex-2.0.0.tgz"
        },
        "strip-ansi": {
          "version": "3.0.1",
          "from": "strip-ansi@>=3.0.0 <4.0.0",
          "resolved": "https://registry.npmjs.org/strip-ansi/-/strip-ansi-3.0.1.tgz"
        }
      }
    },
    "strip-ansi": {
      "version": "0.3.0",
      "from": "strip-ansi@>=0.3.0 <0.4.0",
      "resolved": "https://registry.npmjs.org/strip-ansi/-/strip-ansi-0.3.0.tgz"
    },
    "strip-json-comments": {
      "version": "1.0.4",
      "from": "strip-json-comments@>=1.0.4 <1.1.0",
      "resolved": "https://registry.npmjs.org/strip-json-comments/-/strip-json-comments-1.0.4.tgz"
    },
    "supports-color": {
      "version": "0.2.0",
      "from": "supports-color@>=0.2.0 <0.3.0",
      "resolved": "https://registry.npmjs.org/supports-color/-/supports-color-0.2.0.tgz"
    },
    "through": {
      "version": "2.3.8",
      "from": "through@>=2.3.6 <3.0.0",
      "resolved": "https://registry.npmjs.org/through/-/through-2.3.8.tgz"
    },
    "timed-out": {
      "version": "2.0.0",
      "from": "timed-out@>=2.0.0 <3.0.0",
      "resolved": "https://registry.npmjs.org/timed-out/-/timed-out-2.0.0.tgz"
    },
    "unzip-response": {
      "version": "1.0.1",
      "from": "unzip-response@>=1.0.0 <2.0.0",
      "resolved": "https://registry.npmjs.org/unzip-response/-/unzip-response-1.0.1.tgz"
    },
    "update-notifier": {
      "version": "0.6.3",
      "from": "update-notifier@>=0.6.0 <0.7.0",
      "resolved": "https://registry.npmjs.org/update-notifier/-/update-notifier-0.6.3.tgz",
      "dependencies": {
        "ansi-regex": {
          "version": "2.0.0",
          "from": "ansi-regex@>=2.0.0 <3.0.0",
          "resolved": "https://registry.npmjs.org/ansi-regex/-/ansi-regex-2.0.0.tgz"
        },
        "ansi-styles": {
          "version": "2.2.1",
          "from": "ansi-styles@>=2.2.1 <3.0.0",
          "resolved": "https://registry.npmjs.org/ansi-styles/-/ansi-styles-2.2.1.tgz"
        },
        "chalk": {
          "version": "1.1.3",
          "from": "chalk@>=1.0.0 <2.0.0",
          "resolved": "https://registry.npmjs.org/chalk/-/chalk-1.1.3.tgz"
        },
        "has-ansi": {
          "version": "2.0.0",
          "from": "has-ansi@>=2.0.0 <3.0.0",
          "resolved": "https://registry.npmjs.org/has-ansi/-/has-ansi-2.0.0.tgz"
        },
        "strip-ansi": {
          "version": "3.0.1",
          "from": "strip-ansi@>=3.0.0 <4.0.0",
          "resolved": "https://registry.npmjs.org/strip-ansi/-/strip-ansi-3.0.1.tgz"
        },
        "supports-color": {
          "version": "2.0.0",
          "from": "supports-color@>=2.0.0 <3.0.0",
          "resolved": "https://registry.npmjs.org/supports-color/-/supports-color-2.0.0.tgz"
        }
      }
    },
    "url-parse-lax": {
      "version": "1.0.0",
      "from": "url-parse-lax@>=1.0.0 <2.0.0",
      "resolved": "https://registry.npmjs.org/url-parse-lax/-/url-parse-lax-1.0.0.tgz"
    },
    "util-deprecate": {
      "version": "1.0.2",
      "from": "util-deprecate@>=1.0.1 <1.1.0",
      "resolved": "https://registry.npmjs.org/util-deprecate/-/util-deprecate-1.0.2.tgz"
    },
    "utile": {
      "version": "0.2.1",
      "from": "utile@>=0.2.0 <0.3.0",
      "resolved": "https://registry.npmjs.org/utile/-/utile-0.2.1.tgz"
    },
    "uuid": {
      "version": "2.0.3",
      "from": "uuid@>=2.0.1 <3.0.0",
      "resolved": "https://registry.npmjs.org/uuid/-/uuid-2.0.3.tgz"
    },
    "when": {
      "version": "3.7.7",
      "from": "when@>=3.7.5 <4.0.0",
      "resolved": "https://registry.npmjs.org/when/-/when-3.7.7.tgz"
    },
    "widest-line": {
      "version": "1.0.0",
      "from": "widest-line@>=1.0.0 <2.0.0",
      "resolved": "https://registry.npmjs.org/widest-line/-/widest-line-1.0.0.tgz"
    },
    "winston": {
      "version": "0.8.3",
      "from": "winston@>=0.8.0 <0.9.0",
      "resolved": "https://registry.npmjs.org/winston/-/winston-0.8.3.tgz",
      "dependencies": {
        "pkginfo": {
          "version": "0.3.1",
          "from": "pkginfo@>=0.3.0 <0.4.0",
          "resolved": "https://registry.npmjs.org/pkginfo/-/pkginfo-0.3.1.tgz"
        }
      }
    },
    "wrappy": {
      "version": "1.0.2",
      "from": "wrappy@>=1.0.0 <2.0.0",
      "resolved": "https://registry.npmjs.org/wrappy/-/wrappy-1.0.2.tgz"
    },
    "write-file-atomic": {
      "version": "1.2.0",
      "from": "write-file-atomic@>=1.1.2 <2.0.0",
      "resolved": "https://registry.npmjs.org/write-file-atomic/-/write-file-atomic-1.2.0.tgz",
      "dependencies": {
        "graceful-fs": {
          "version": "4.1.9",
          "from": "graceful-fs@>=4.1.2 <5.0.0",
          "resolved": "https://registry.npmjs.org/graceful-fs/-/graceful-fs-4.1.9.tgz"
        }
      }
    },
    "xdg-basedir": {
      "version": "2.0.0",
      "from": "xdg-basedir@>=2.0.0 <3.0.0",
      "resolved": "https://registry.npmjs.org/xdg-basedir/-/xdg-basedir-2.0.0.tgz"
    }
  }
}
