{
  "name": "{{name}}",
  "version": "1.0.0",
  "lockfileVersion": 3,
  "requires": true,
  "packages": {
    "": {
      "name": "{{name}}",
      "version": "1.0.0",
      "license": "MIT",
      "dependencies": {
        "@netlify/database": "latest",
        "@netlify/functions": "^5.2.0",
        "@types/node": "^22.0.0",
        "drizzle-orm": "beta",
        "typescript": "^4.5.5"
      }
    },
    "node_modules/@neondatabase/serverless": {
      "version": "1.1.0",
      "resolved": "https://registry.npmjs.org/@neondatabase/serverless/-/serverless-1.1.0.tgz",
      "integrity": "sha512-r3ZZhRjEcfEdKIZnoB1RusNgvHuaBRqfCzV4Gi+5A9yUX0S4HTws/ASWqt13wL4y4I+0rqsWGdA2w7EQXHi3+Q==",
      "license": "MIT",
      "engines": {
        "node": ">=19.0.0"
      }
    },
    "node_modules/@netlify/database": {
      "version": "0.7.0",
      "resolved": "https://registry.npmjs.org/@netlify/database/-/database-0.7.0.tgz",
      "integrity": "sha512-oCJVGauiLIMuxPSF4QZV+F3weU3GnclCRQcqU0lSrNqXmxJXiIehomaXHVzXGOZ7QJhVb/RRc2K1n9qIP3EwJg==",
      "license": "MIT",
      "dependencies": {
        "@neondatabase/serverless": "^1.1.0",
        "@netlify/runtime-utils": "2.3.0",
        "pg": "^8.13.0",
        "waddler": "^0.1.1",
        "ws": "^8.18.0"
      },
      "engines": {
        "node": ">=20.6.1"
      }
    },
    "node_modules/@netlify/functions": {
      "version": "5.2.0",
      "resolved": "https://registry.npmjs.org/@netlify/functions/-/functions-5.2.0.tgz",
      "integrity": "sha512-Pj93qeQd1tkQ5xm9gWJZmBf/1riLYqYHc0OzFukrJomrj82Ott53Rr/Q88H1ms5cF+P5QXRKWmA2JSxSybKfjA==",
      "license": "MIT",
      "dependencies": {
        "@netlify/types": "2.6.0"
      },
      "engines": {
        "node": ">=18.0.0"
      }
    },
    "node_modules/@netlify/runtime-utils": {
      "version": "2.3.0",
      "resolved": "https://registry.npmjs.org/@netlify/runtime-utils/-/runtime-utils-2.3.0.tgz",
      "integrity": "sha512-cW8weDvsKV7zfia2m5EcBy6KILGoPD+eYZ3qWNGnIo05DGF28goPES0xKSDkNYgAF/2rRSIhie2qcBhbGVgSRg==",
      "license": "MIT",
      "engines": {
        "node": "^18.14.0 || >=20"
      }
    },
    "node_modules/@netlify/types": {
      "version": "2.6.0",
      "resolved": "https://registry.npmjs.org/@netlify/types/-/types-2.6.0.tgz",
      "integrity": "sha512-yD20EizHJDQxajJ66Vo8RTwLwR2jMNVxufPG8MHd2AScX8jW4z0VPnnJHArq2GYPFTFZRHmiAhDrXr5m8zof6w==",
      "license": "MIT",
      "engines": {
        "node": "^18.14.0 || >=20"
      }
    },
    "node_modules/@types/node": {
      "version": "22.19.17",
      "resolved": "https://registry.npmjs.org/@types/node/-/node-22.19.17.tgz",
      "integrity": "sha512-wGdMcf+vPYM6jikpS/qhg6WiqSV/OhG+jeeHT/KlVqxYfD40iYJf9/AE1uQxVWFvU7MipKRkRv8NSHiCGgPr8Q==",
      "license": "MIT",
      "dependencies": {
        "undici-types": "~6.21.0"
      }
    },
    "node_modules/drizzle-orm": {
      "version": "1.0.0-beta.22",
      "resolved": "https://registry.npmjs.org/drizzle-orm/-/drizzle-orm-1.0.0-beta.22.tgz",
      "integrity": "sha512-F+DZyVIvH0oVKa/w08Cle1xfoH+pc+htIXHG/frnMLG72aby9NYYr9oc+9XvghnoO4umxFItduz0OMmQJMnenw==",
      "license": "Apache-2.0",
      "peerDependencies": {
        "@aws-sdk/client-rds-data": ">=3",
        "@cloudflare/workers-types": ">=4",
        "@effect/sql": "^0.48.5",
        "@effect/sql-pg": "^0.49.7",
        "@electric-sql/pglite": ">=0.2.0",
        "@libsql/client": ">=0.10.0",
        "@libsql/client-wasm": ">=0.10.0",
        "@neondatabase/serverless": ">=0.10.0",
        "@op-engineering/op-sqlite": ">=2",
        "@opentelemetry/api": "^1.4.1",
        "@planetscale/database": ">=1.13",
        "@sinclair/typebox": ">=0.34.8",
        "@sqlitecloud/drivers": ">=1.0.653",
        "@tidbcloud/serverless": "*",
        "@tursodatabase/database": ">=0.2.1",
        "@tursodatabase/database-common": ">=0.2.1",
        "@tursodatabase/database-wasm": ">=0.2.1",
        "@types/better-sqlite3": "*",
        "@types/mssql": "^9.1.4",
        "@types/pg": "*",
        "@types/sql.js": "*",
        "@upstash/redis": ">=1.34.7",
        "@vercel/postgres": ">=0.8.0",
        "@xata.io/client": "*",
        "arktype": ">=2.0.0",
        "better-sqlite3": ">=9.3.0",
        "bun-types": "*",
        "expo-sqlite": ">=14.0.0",
        "gel": ">=2",
        "mssql": "^11.0.1",
        "mysql2": ">=2",
        "pg": ">=8",
        "postgres": ">=3",
        "sql.js": ">=1",
        "sqlite3": ">=5",
        "typebox": ">=1.0.0",
        "valibot": ">=1.0.0-beta.7",
        "zod": "^3.25.0 || ^4.0.0"
      },
      "peerDependenciesMeta": {
        "@aws-sdk/client-rds-data": {
          "optional": true
        },
        "@cloudflare/workers-types": {
          "optional": true
        },
        "@effect/sql": {
          "optional": true
        },
        "@effect/sql-pg": {
          "optional": true
        },
        "@electric-sql/pglite": {
          "optional": true
        },
        "@libsql/client": {
          "optional": true
        },
        "@libsql/client-wasm": {
          "optional": true
        },
        "@neondatabase/serverless": {
          "optional": true
        },
        "@op-engineering/op-sqlite": {
          "optional": true
        },
        "@opentelemetry/api": {
          "optional": true
        },
        "@planetscale/database": {
          "optional": true
        },
        "@sinclair/typebox": {
          "optional": true
        },
        "@sqlitecloud/drivers": {
          "optional": true
        },
        "@tidbcloud/serverless": {
          "optional": true
        },
        "@tursodatabase/database": {
          "optional": true
        },
        "@tursodatabase/database-common": {
          "optional": true
        },
        "@tursodatabase/database-wasm": {
          "optional": true
        },
        "@types/better-sqlite3": {
          "optional": true
        },
        "@types/mssql": {
          "optional": true
        },
        "@types/pg": {
          "optional": true
        },
        "@types/sql.js": {
          "optional": true
        },
        "@upstash/redis": {
          "optional": true
        },
        "@vercel/postgres": {
          "optional": true
        },
        "@xata.io/client": {
          "optional": true
        },
        "arktype": {
          "optional": true
        },
        "better-sqlite3": {
          "optional": true
        },
        "bun-types": {
          "optional": true
        },
        "expo-sqlite": {
          "optional": true
        },
        "gel": {
          "optional": true
        },
        "mssql": {
          "optional": true
        },
        "mysql2": {
          "optional": true
        },
        "pg": {
          "optional": true
        },
        "postgres": {
          "optional": true
        },
        "sql.js": {
          "optional": true
        },
        "sqlite3": {
          "optional": true
        },
        "typebox": {
          "optional": true
        },
        "valibot": {
          "optional": true
        },
        "zod": {
          "optional": true
        }
      }
    },
    "node_modules/pg": {
      "version": "8.20.0",
      "resolved": "https://registry.npmjs.org/pg/-/pg-8.20.0.tgz",
      "integrity": "sha512-ldhMxz2r8fl/6QkXnBD3CR9/xg694oT6DZQ2s6c/RI28OjtSOpxnPrUCGOBJ46RCUxcWdx3p6kw/xnDHjKvaRA==",
      "license": "MIT",
      "dependencies": {
        "pg-connection-string": "^2.12.0",
        "pg-pool": "^3.13.0",
        "pg-protocol": "^1.13.0",
        "pg-types": "2.2.0",
        "pgpass": "1.0.5"
      },
      "engines": {
        "node": ">= 16.0.0"
      },
      "optionalDependencies": {
        "pg-cloudflare": "^1.3.0"
      },
      "peerDependencies": {
        "pg-native": ">=3.0.1"
      },
      "peerDependenciesMeta": {
        "pg-native": {
          "optional": true
        }
      }
    },
    "node_modules/pg-cloudflare": {
      "version": "1.3.0",
      "resolved": "https://registry.npmjs.org/pg-cloudflare/-/pg-cloudflare-1.3.0.tgz",
      "integrity": "sha512-6lswVVSztmHiRtD6I8hw4qP/nDm1EJbKMRhf3HCYaqud7frGysPv7FYJ5noZQdhQtN2xJnimfMtvQq21pdbzyQ==",
      "license": "MIT",
      "optional": true
    },
    "node_modules/pg-connection-string": {
      "version": "2.12.0",
      "resolved": "https://registry.npmjs.org/pg-connection-string/-/pg-connection-string-2.12.0.tgz",
      "integrity": "sha512-U7qg+bpswf3Cs5xLzRqbXbQl85ng0mfSV/J0nnA31MCLgvEaAo7CIhmeyrmJpOr7o+zm0rXK+hNnT5l9RHkCkQ==",
      "license": "MIT"
    },
    "node_modules/pg-int8": {
      "version": "1.0.1",
      "resolved": "https://registry.npmjs.org/pg-int8/-/pg-int8-1.0.1.tgz",
      "integrity": "sha512-WCtabS6t3c8SkpDBUlb1kjOs7l66xsGdKpIPZsg4wR+B3+u9UAum2odSsF9tnvxg80h4ZxLWMy4pRjOsFIqQpw==",
      "license": "ISC",
      "engines": {
        "node": ">=4.0.0"
      }
    },
    "node_modules/pg-pool": {
      "version": "3.13.0",
      "resolved": "https://registry.npmjs.org/pg-pool/-/pg-pool-3.13.0.tgz",
      "integrity": "sha512-gB+R+Xud1gLFuRD/QgOIgGOBE2KCQPaPwkzBBGC9oG69pHTkhQeIuejVIk3/cnDyX39av2AxomQiyPT13WKHQA==",
      "license": "MIT",
      "peerDependencies": {
        "pg": ">=8.0"
      }
    },
    "node_modules/pg-protocol": {
      "version": "1.13.0",
      "resolved": "https://registry.npmjs.org/pg-protocol/-/pg-protocol-1.13.0.tgz",
      "integrity": "sha512-zzdvXfS6v89r6v7OcFCHfHlyG/wvry1ALxZo4LqgUoy7W9xhBDMaqOuMiF3qEV45VqsN6rdlcehHrfDtlCPc8w==",
      "license": "MIT"
    },
    "node_modules/pg-types": {
      "version": "2.2.0",
      "resolved": "https://registry.npmjs.org/pg-types/-/pg-types-2.2.0.tgz",
      "integrity": "sha512-qTAAlrEsl8s4OiEQY69wDvcMIdQN6wdz5ojQiOy6YRMuynxenON0O5oCpJI6lshc6scgAY8qvJ2On/p+CXY0GA==",
      "license": "MIT",
      "dependencies": {
        "pg-int8": "1.0.1",
        "postgres-array": "~2.0.0",
        "postgres-bytea": "~1.0.0",
        "postgres-date": "~1.0.4",
        "postgres-interval": "^1.1.0"
      },
      "engines": {
        "node": ">=4"
      }
    },
    "node_modules/pgpass": {
      "version": "1.0.5",
      "resolved": "https://registry.npmjs.org/pgpass/-/pgpass-1.0.5.tgz",
      "integrity": "sha512-FdW9r/jQZhSeohs1Z3sI1yxFQNFvMcnmfuj4WBMUTxOrAyLMaTcE1aAMBiTlbMNaXvBCQuVi0R7hd8udDSP7ug==",
      "license": "MIT",
      "dependencies": {
        "split2": "^4.1.0"
      }
    },
    "node_modules/postgres-array": {
      "version": "2.0.0",
      "resolved": "https://registry.npmjs.org/postgres-array/-/postgres-array-2.0.0.tgz",
      "integrity": "sha512-VpZrUqU5A69eQyW2c5CA1jtLecCsN2U/bD6VilrFDWq5+5UIEVO7nazS3TEcHf1zuPYO/sqGvUvW62g86RXZuA==",
      "license": "MIT",
      "engines": {
        "node": ">=4"
      }
    },
    "node_modules/postgres-bytea": {
      "version": "1.0.1",
      "resolved": "https://registry.npmjs.org/postgres-bytea/-/postgres-bytea-1.0.1.tgz",
      "integrity": "sha512-5+5HqXnsZPE65IJZSMkZtURARZelel2oXUEO8rH83VS/hxH5vv1uHquPg5wZs8yMAfdv971IU+kcPUczi7NVBQ==",
      "license": "MIT",
      "engines": {
        "node": ">=0.10.0"
      }
    },
    "node_modules/postgres-date": {
      "version": "1.0.7",
      "resolved": "https://registry.npmjs.org/postgres-date/-/postgres-date-1.0.7.tgz",
      "integrity": "sha512-suDmjLVQg78nMK2UZ454hAG+OAW+HQPZ6n++TNDUX+L0+uUlLywnoxJKDou51Zm+zTCjrCl0Nq6J9C5hP9vK/Q==",
      "license": "MIT",
      "engines": {
        "node": ">=0.10.0"
      }
    },
    "node_modules/postgres-interval": {
      "version": "1.2.0",
      "resolved": "https://registry.npmjs.org/postgres-interval/-/postgres-interval-1.2.0.tgz",
      "integrity": "sha512-9ZhXKM/rw350N1ovuWHbGxnGh/SNJ4cnxHiM0rxE4VN41wsg8P8zWn9hv/buK00RP4WvlOyr/RBDiptyxVbkZQ==",
      "license": "MIT",
      "dependencies": {
        "xtend": "^4.0.0"
      },
      "engines": {
        "node": ">=0.10.0"
      }
    },
    "node_modules/split2": {
      "version": "4.2.0",
      "resolved": "https://registry.npmjs.org/split2/-/split2-4.2.0.tgz",
      "integrity": "sha512-UcjcJOWknrNkF6PLX83qcHM6KHgVKNkV62Y8a5uYDVv9ydGQVwAHMKqHdJje1VTWpljG0WYpCDhrCdAOYH4TWg==",
      "license": "ISC",
      "engines": {
        "node": ">= 10.x"
      }
    },
    "node_modules/typescript": {
      "version": "4.9.5",
      "resolved": "https://registry.npmjs.org/typescript/-/typescript-4.9.5.tgz",
      "integrity": "sha512-1FXk9E2Hm+QzZQ7z+McJiHL4NW1F2EzMu9Nq9i3zAaGqibafqYwCVU6WyWAuyQRRzOlxou8xZSyXLEN8oKj24g==",
      "license": "Apache-2.0",
      "bin": {
        "tsc": "bin/tsc",
        "tsserver": "bin/tsserver"
      },
      "engines": {
        "node": ">=4.2.0"
      }
    },
    "node_modules/undici-types": {
      "version": "6.21.0",
      "resolved": "https://registry.npmjs.org/undici-types/-/undici-types-6.21.0.tgz",
      "integrity": "sha512-iwDZqg0QAGrg9Rav5H4n0M64c3mkR59cJ6wQp+7C4nI0gsmExaedaYLNO44eT4AtBBwjbTiGPMlt2Md0T9H9JQ==",
      "license": "MIT"
    },
    "node_modules/waddler": {
      "version": "0.1.1",
      "resolved": "https://registry.npmjs.org/waddler/-/waddler-0.1.1.tgz",
      "integrity": "sha512-lBJXYFBLEpYe+scAeCJmLj6Iqweuq1whM6Am3I9WfopOCFxvKz8Nq5hXoy8/b3zwJqHIQMglFIvM4skRydSpZg==",
      "license": "MIT",
      "peerDependencies": {
        "@clickhouse/client": "^1.11.2",
        "@duckdb/node-api": "^1.1.2-alpha.4",
        "@electric-sql/pglite": "^0.2.17",
        "@libsql/client": "^0.15.4",
        "@libsql/client-wasm": "^0.15.4",
        "@neondatabase/serverless": "^1.0.0",
        "@planetscale/database": "^1.19.0",
        "@tidbcloud/serverless": "^0.2.0",
        "@vercel/postgres": "^0.10.0",
        "@xata.io/client": "^0.30.1",
        "better-sqlite3": "^11.9.1",
        "bun-types": "*",
        "duckdb": "^1.2.1",
        "gel": "^2.0.2",
        "mysql2": "^3.14.0",
        "pg": "^8.14.0",
        "pg-query-stream": "^4.8.0",
        "postgres": "^3.4.5"
      },
      "peerDependenciesMeta": {
        "@clickhouse/client": {
          "optional": true
        },
        "@cloudflare/workers-types": {
          "optional": true
        },
        "@duckdb/node-api": {
          "optional": true
        },
        "@electric-sql/pglite": {
          "optional": true
        },
        "@libsql/client": {
          "optional": true
        },
        "@libsql/client-wasm": {
          "optional": true
        },
        "@neondatabase/serverless": {
          "optional": true
        },
        "@op-engineering/op-sqlite": {
          "optional": true
        },
        "@planetscale/database": {
          "optional": true
        },
        "@tidbcloud/serverless": {
          "optional": true
        },
        "@vercel/postgres": {
          "optional": true
        },
        "@xata.io/client": {
          "optional": true
        },
        "better-sqlite3": {
          "optional": true
        },
        "bun-types": {
          "optional": true
        },
        "duckdb": {
          "optional": true
        },
        "gel": {
          "optional": true
        },
        "mysql2": {
          "optional": true
        },
        "pg": {
          "optional": true
        },
        "pg-query-stream": {
          "optional": true
        },
        "postgres": {
          "optional": true
        }
      }
    },
    "node_modules/ws": {
      "version": "8.20.0",
      "resolved": "https://registry.npmjs.org/ws/-/ws-8.20.0.tgz",
      "integrity": "sha512-sAt8BhgNbzCtgGbt2OxmpuryO63ZoDk/sqaB/znQm94T4fCEsy/yV+7CdC1kJhOU9lboAEU7R3kquuycDoibVA==",
      "license": "MIT",
      "engines": {
        "node": ">=10.0.0"
      },
      "peerDependencies": {
        "bufferutil": "^4.0.1",
        "utf-8-validate": ">=5.0.2"
      },
      "peerDependenciesMeta": {
        "bufferutil": {
          "optional": true
        },
        "utf-8-validate": {
          "optional": true
        }
      }
    },
    "node_modules/xtend": {
      "version": "4.0.2",
      "resolved": "https://registry.npmjs.org/xtend/-/xtend-4.0.2.tgz",
      "integrity": "sha512-LKYU1iAXJXUgAXn9URjiu+MWhyUXHsvfp7mcuYm9dSUKK0/CjtrUwFAxD82/mCWbtLsGjFIad0wIsod4zrTAEQ==",
      "license": "MIT",
      "engines": {
        "node": ">=0.4"
      }
    }
  }
}
