{
  "name": "hello-world",
  "version": "1.0.0",
  "lockfileVersion": 2,
  "requires": true,
  "packages": {
    "": {
      "name": "hello-world",
      "version": "1.0.0",
      "license": "MIT",
      "dependencies": {
        "@netlify/functions": "^2.7.0",
        "@types/node": "^20.0.0",
        "typescript": "^4.0.0"
      }
    },
    "node_modules/@netlify/functions": {
      "version": "2.7.0",
      "resolved": "https://registry.npmjs.org/@netlify/functions/-/functions-2.7.0.tgz",
      "integrity": "sha512-4pXC/fuj3eGQ86wbgPiM4zY8+AsNrdz6vcv6FEdUJnZW+LqF8IWjQcY3S0d1hLeLKODYOqq4CkrzGyCpce63Nw==",
      "dependencies": {
        "@netlify/serverless-functions-api": "1.18.1"
      },
      "engines": {
        "node": ">=14.0.0"
      }
    },
    "node_modules/@netlify/node-cookies": {
      "version": "0.1.0",
      "resolved": "https://registry.npmjs.org/@netlify/node-cookies/-/node-cookies-0.1.0.tgz",
      "integrity": "sha512-OAs1xG+FfLX0LoRASpqzVntVV/RpYkgpI0VrUnw2u0Q1qiZUzcPffxRK8HF3gc4GjuhG5ahOEMJ9bswBiZPq0g==",
      "engines": {
        "node": "^14.16.0 || >=16.0.0"
      }
    },
    "node_modules/@netlify/serverless-functions-api": {
      "version": "1.18.1",
      "resolved": "https://registry.npmjs.org/@netlify/serverless-functions-api/-/serverless-functions-api-1.18.1.tgz",
      "integrity": "sha512-DrSvivchuwsuQW03zbVPT3nxCQa5tn7m4aoPOsQKibuJXIuSbfxzCBxPLz0+LchU5ds7YyOaCc9872Y32ngYzg==",
      "dependencies": {
        "@netlify/node-cookies": "^0.1.0",
        "@opentelemetry/core": "^1.23.0",
        "@opentelemetry/otlp-transformer": "^0.50.0",
        "@opentelemetry/resources": "^1.23.0",
        "@opentelemetry/sdk-trace-base": "^1.23.0",
        "@opentelemetry/semantic-conventions": "^1.23.0",
        "urlpattern-polyfill": "8.0.2"
      },
      "engines": {
        "node": ">=18.0.0"
      }
    },
    "node_modules/@opentelemetry/api": {
      "version": "1.8.0",
      "resolved": "https://registry.npmjs.org/@opentelemetry/api/-/api-1.8.0.tgz",
      "integrity": "sha512-I/s6F7yKUDdtMsoBWXJe8Qz40Tui5vsuKCWJEWVL+5q9sSWRzzx6v2KeNsOBEwd94j0eWkpWCH4yB6rZg9Mf0w==",
      "engines": {
        "node": ">=8.0.0"
      }
    },
    "node_modules/@opentelemetry/api-logs": {
      "version": "0.50.0",
      "resolved": "https://registry.npmjs.org/@opentelemetry/api-logs/-/api-logs-0.50.0.tgz",
      "integrity": "sha512-JdZuKrhOYggqOpUljAq4WWNi5nB10PmgoF0y2CvedLGXd0kSawb/UBnWT8gg1ND3bHCNHStAIVT0ELlxJJRqrA==",
      "dependencies": {
        "@opentelemetry/api": "^1.0.0"
      },
      "engines": {
        "node": ">=14"
      }
    },
    "node_modules/@opentelemetry/core": {
      "version": "1.24.0",
      "resolved": "https://registry.npmjs.org/@opentelemetry/core/-/core-1.24.0.tgz",
      "integrity": "sha512-FP2oN7mVPqcdxJDTTnKExj4mi91EH+DNuArKfHTjPuJWe2K1JfMIVXNfahw1h3onJxQnxS8K0stKkogX05s+Aw==",
      "dependencies": {
        "@opentelemetry/semantic-conventions": "1.24.0"
      },
      "engines": {
        "node": ">=14"
      },
      "peerDependencies": {
        "@opentelemetry/api": ">=1.0.0 <1.9.0"
      }
    },
    "node_modules/@opentelemetry/otlp-transformer": {
      "version": "0.50.0",
      "resolved": "https://registry.npmjs.org/@opentelemetry/otlp-transformer/-/otlp-transformer-0.50.0.tgz",
      "integrity": "sha512-s0sl1Yfqd5q1Kjrf6DqXPWzErL+XHhrXOfejh4Vc/SMTNqC902xDsC8JQxbjuramWt/+hibfguIvi7Ns8VLolA==",
      "dependencies": {
        "@opentelemetry/api-logs": "0.50.0",
        "@opentelemetry/core": "1.23.0",
        "@opentelemetry/resources": "1.23.0",
        "@opentelemetry/sdk-logs": "0.50.0",
        "@opentelemetry/sdk-metrics": "1.23.0",
        "@opentelemetry/sdk-trace-base": "1.23.0"
      },
      "engines": {
        "node": ">=14"
      },
      "peerDependencies": {
        "@opentelemetry/api": ">=1.3.0 <1.9.0"
      }
    },
    "node_modules/@opentelemetry/otlp-transformer/node_modules/@opentelemetry/core": {
      "version": "1.23.0",
      "resolved": "https://registry.npmjs.org/@opentelemetry/core/-/core-1.23.0.tgz",
      "integrity": "sha512-hdQ/a9TMzMQF/BO8Cz1juA43/L5YGtCSiKoOHmrTEf7VMDAZgy8ucpWx3eQTnQ3gBloRcWtzvcrMZABC3PTSKQ==",
      "dependencies": {
        "@opentelemetry/semantic-conventions": "1.23.0"
      },
      "engines": {
        "node": ">=14"
      },
      "peerDependencies": {
        "@opentelemetry/api": ">=1.0.0 <1.9.0"
      }
    },
    "node_modules/@opentelemetry/otlp-transformer/node_modules/@opentelemetry/resources": {
      "version": "1.23.0",
      "resolved": "https://registry.npmjs.org/@opentelemetry/resources/-/resources-1.23.0.tgz",
      "integrity": "sha512-iPRLfVfcEQynYGo7e4Di+ti+YQTAY0h5mQEUJcHlU9JOqpb4x965O6PZ+wMcwYVY63G96KtdS86YCM1BF1vQZg==",
      "dependencies": {
        "@opentelemetry/core": "1.23.0",
        "@opentelemetry/semantic-conventions": "1.23.0"
      },
      "engines": {
        "node": ">=14"
      },
      "peerDependencies": {
        "@opentelemetry/api": ">=1.0.0 <1.9.0"
      }
    },
    "node_modules/@opentelemetry/otlp-transformer/node_modules/@opentelemetry/sdk-trace-base": {
      "version": "1.23.0",
      "resolved": "https://registry.npmjs.org/@opentelemetry/sdk-trace-base/-/sdk-trace-base-1.23.0.tgz",
      "integrity": "sha512-PzBmZM8hBomUqvCddF/5Olyyviayka44O5nDWq673np3ctnvwMOvNrsUORZjKja1zJbwEuD9niAGbnVrz3jwRQ==",
      "dependencies": {
        "@opentelemetry/core": "1.23.0",
        "@opentelemetry/resources": "1.23.0",
        "@opentelemetry/semantic-conventions": "1.23.0"
      },
      "engines": {
        "node": ">=14"
      },
      "peerDependencies": {
        "@opentelemetry/api": ">=1.0.0 <1.9.0"
      }
    },
    "node_modules/@opentelemetry/otlp-transformer/node_modules/@opentelemetry/semantic-conventions": {
      "version": "1.23.0",
      "resolved": "https://registry.npmjs.org/@opentelemetry/semantic-conventions/-/semantic-conventions-1.23.0.tgz",
      "integrity": "sha512-MiqFvfOzfR31t8cc74CTP1OZfz7MbqpAnLCra8NqQoaHJX6ncIRTdYOQYBDQ2uFISDq0WY8Y9dDTWvsgzzBYRg==",
      "engines": {
        "node": ">=14"
      }
    },
    "node_modules/@opentelemetry/resources": {
      "version": "1.24.0",
      "resolved": "https://registry.npmjs.org/@opentelemetry/resources/-/resources-1.24.0.tgz",
      "integrity": "sha512-mxC7E7ocUS1tLzepnA7O9/G8G6ZTdjCH2pXme1DDDuCuk6n2/53GADX+GWBuyX0dfIxeMInIbJAdjlfN9GNr6A==",
      "dependencies": {
        "@opentelemetry/core": "1.24.0",
        "@opentelemetry/semantic-conventions": "1.24.0"
      },
      "engines": {
        "node": ">=14"
      },
      "peerDependencies": {
        "@opentelemetry/api": ">=1.0.0 <1.9.0"
      }
    },
    "node_modules/@opentelemetry/sdk-logs": {
      "version": "0.50.0",
      "resolved": "https://registry.npmjs.org/@opentelemetry/sdk-logs/-/sdk-logs-0.50.0.tgz",
      "integrity": "sha512-PeUEupBB29p9nlPNqXoa1PUWNLsZnxG0DCDj3sHqzae+8y76B/A5hvZjg03ulWdnvBLYpnJslqzylG9E0IL87g==",
      "dependencies": {
        "@opentelemetry/core": "1.23.0",
        "@opentelemetry/resources": "1.23.0"
      },
      "engines": {
        "node": ">=14"
      },
      "peerDependencies": {
        "@opentelemetry/api": ">=1.4.0 <1.9.0",
        "@opentelemetry/api-logs": ">=0.39.1"
      }
    },
    "node_modules/@opentelemetry/sdk-logs/node_modules/@opentelemetry/core": {
      "version": "1.23.0",
      "resolved": "https://registry.npmjs.org/@opentelemetry/core/-/core-1.23.0.tgz",
      "integrity": "sha512-hdQ/a9TMzMQF/BO8Cz1juA43/L5YGtCSiKoOHmrTEf7VMDAZgy8ucpWx3eQTnQ3gBloRcWtzvcrMZABC3PTSKQ==",
      "dependencies": {
        "@opentelemetry/semantic-conventions": "1.23.0"
      },
      "engines": {
        "node": ">=14"
      },
      "peerDependencies": {
        "@opentelemetry/api": ">=1.0.0 <1.9.0"
      }
    },
    "node_modules/@opentelemetry/sdk-logs/node_modules/@opentelemetry/resources": {
      "version": "1.23.0",
      "resolved": "https://registry.npmjs.org/@opentelemetry/resources/-/resources-1.23.0.tgz",
      "integrity": "sha512-iPRLfVfcEQynYGo7e4Di+ti+YQTAY0h5mQEUJcHlU9JOqpb4x965O6PZ+wMcwYVY63G96KtdS86YCM1BF1vQZg==",
      "dependencies": {
        "@opentelemetry/core": "1.23.0",
        "@opentelemetry/semantic-conventions": "1.23.0"
      },
      "engines": {
        "node": ">=14"
      },
      "peerDependencies": {
        "@opentelemetry/api": ">=1.0.0 <1.9.0"
      }
    },
    "node_modules/@opentelemetry/sdk-logs/node_modules/@opentelemetry/semantic-conventions": {
      "version": "1.23.0",
      "resolved": "https://registry.npmjs.org/@opentelemetry/semantic-conventions/-/semantic-conventions-1.23.0.tgz",
      "integrity": "sha512-MiqFvfOzfR31t8cc74CTP1OZfz7MbqpAnLCra8NqQoaHJX6ncIRTdYOQYBDQ2uFISDq0WY8Y9dDTWvsgzzBYRg==",
      "engines": {
        "node": ">=14"
      }
    },
    "node_modules/@opentelemetry/sdk-metrics": {
      "version": "1.23.0",
      "resolved": "https://registry.npmjs.org/@opentelemetry/sdk-metrics/-/sdk-metrics-1.23.0.tgz",
      "integrity": "sha512-4OkvW6+wST4h6LFG23rXSTf6nmTf201h9dzq7bE0z5R9ESEVLERZz6WXwE7PSgg1gdjlaznm1jLJf8GttypFDg==",
      "dependencies": {
        "@opentelemetry/core": "1.23.0",
        "@opentelemetry/resources": "1.23.0",
        "lodash.merge": "^4.6.2"
      },
      "engines": {
        "node": ">=14"
      },
      "peerDependencies": {
        "@opentelemetry/api": ">=1.3.0 <1.9.0"
      }
    },
    "node_modules/@opentelemetry/sdk-metrics/node_modules/@opentelemetry/core": {
      "version": "1.23.0",
      "resolved": "https://registry.npmjs.org/@opentelemetry/core/-/core-1.23.0.tgz",
      "integrity": "sha512-hdQ/a9TMzMQF/BO8Cz1juA43/L5YGtCSiKoOHmrTEf7VMDAZgy8ucpWx3eQTnQ3gBloRcWtzvcrMZABC3PTSKQ==",
      "dependencies": {
        "@opentelemetry/semantic-conventions": "1.23.0"
      },
      "engines": {
        "node": ">=14"
      },
      "peerDependencies": {
        "@opentelemetry/api": ">=1.0.0 <1.9.0"
      }
    },
    "node_modules/@opentelemetry/sdk-metrics/node_modules/@opentelemetry/resources": {
      "version": "1.23.0",
      "resolved": "https://registry.npmjs.org/@opentelemetry/resources/-/resources-1.23.0.tgz",
      "integrity": "sha512-iPRLfVfcEQynYGo7e4Di+ti+YQTAY0h5mQEUJcHlU9JOqpb4x965O6PZ+wMcwYVY63G96KtdS86YCM1BF1vQZg==",
      "dependencies": {
        "@opentelemetry/core": "1.23.0",
        "@opentelemetry/semantic-conventions": "1.23.0"
      },
      "engines": {
        "node": ">=14"
      },
      "peerDependencies": {
        "@opentelemetry/api": ">=1.0.0 <1.9.0"
      }
    },
    "node_modules/@opentelemetry/sdk-metrics/node_modules/@opentelemetry/semantic-conventions": {
      "version": "1.23.0",
      "resolved": "https://registry.npmjs.org/@opentelemetry/semantic-conventions/-/semantic-conventions-1.23.0.tgz",
      "integrity": "sha512-MiqFvfOzfR31t8cc74CTP1OZfz7MbqpAnLCra8NqQoaHJX6ncIRTdYOQYBDQ2uFISDq0WY8Y9dDTWvsgzzBYRg==",
      "engines": {
        "node": ">=14"
      }
    },
    "node_modules/@opentelemetry/sdk-trace-base": {
      "version": "1.24.0",
      "resolved": "https://registry.npmjs.org/@opentelemetry/sdk-trace-base/-/sdk-trace-base-1.24.0.tgz",
      "integrity": "sha512-H9sLETZ4jw9UJ3totV8oM5R0m4CW0ZIOLfp4NV3g0CM8HD5zGZcaW88xqzWDgiYRpctFxd+WmHtGX/Upoa2vRg==",
      "dependencies": {
        "@opentelemetry/core": "1.24.0",
        "@opentelemetry/resources": "1.24.0",
        "@opentelemetry/semantic-conventions": "1.24.0"
      },
      "engines": {
        "node": ">=14"
      },
      "peerDependencies": {
        "@opentelemetry/api": ">=1.0.0 <1.9.0"
      }
    },
    "node_modules/@opentelemetry/semantic-conventions": {
      "version": "1.24.0",
      "resolved": "https://registry.npmjs.org/@opentelemetry/semantic-conventions/-/semantic-conventions-1.24.0.tgz",
      "integrity": "sha512-yL0jI6Ltuz8R+Opj7jClGrul6pOoYrdfVmzQS4SITXRPH7I5IRZbrwe/6/v8v4WYMa6MYZG480S1+uc/IGfqsA==",
      "engines": {
        "node": ">=14"
      }
    },
    "node_modules/@types/node": {
      "version": "20.12.12",
      "resolved": "https://registry.npmjs.org/@types/node/-/node-20.12.12.tgz",
      "integrity": "sha512-eWLDGF/FOSPtAvEqeRAQ4C8LSA7M1I7i0ky1I8U7kD1J5ITyW3AsRhQrKVoWf5pFKZ2kILsEGJhsI9r93PYnOw==",
      "dependencies": {
        "undici-types": "~5.26.4"
      }
    },
    "node_modules/lodash.merge": {
      "version": "4.6.2",
      "resolved": "https://registry.npmjs.org/lodash.merge/-/lodash.merge-4.6.2.tgz",
      "integrity": "sha512-0KpjqXRVvrYyCsX1swR/XTK0va6VQkQM6MNo7PqW77ByjAhoARA8EfrP1N4+KlKj8YS0ZUCtRT/YUuhyYDujIQ=="
    },
    "node_modules/typescript": {
      "version": "4.9.5",
      "resolved": "https://registry.npmjs.org/typescript/-/typescript-4.9.5.tgz",
      "integrity": "sha512-1FXk9E2Hm+QzZQ7z+McJiHL4NW1F2EzMu9Nq9i3zAaGqibafqYwCVU6WyWAuyQRRzOlxou8xZSyXLEN8oKj24g==",
      "bin": {
        "tsc": "bin/tsc",
        "tsserver": "bin/tsserver"
      },
      "engines": {
        "node": ">=4.2.0"
      }
    },
    "node_modules/undici-types": {
      "version": "5.26.5",
      "resolved": "https://registry.npmjs.org/undici-types/-/undici-types-5.26.5.tgz",
      "integrity": "sha512-JlCMO+ehdEIKqlFxk6IfVoAUVmgz7cU7zD/h9XZ0qzeosSHmUJVOzSQvvYSYWXkFXC+IfLKSIffhv0sVZup6pA=="
    },
    "node_modules/urlpattern-polyfill": {
      "version": "8.0.2",
      "resolved": "https://registry.npmjs.org/urlpattern-polyfill/-/urlpattern-polyfill-8.0.2.tgz",
      "integrity": "sha512-Qp95D4TPJl1kC9SKigDcqgyM2VDVO4RiJc2d4qe5GrYm+zbIQCWWKAFaJNQ4BhdFeDGwBmAxqJBwWSJDb9T3BQ=="
    }
  },
  "dependencies": {
    "@netlify/functions": {
      "version": "2.7.0",
      "resolved": "https://registry.npmjs.org/@netlify/functions/-/functions-2.7.0.tgz",
      "integrity": "sha512-4pXC/fuj3eGQ86wbgPiM4zY8+AsNrdz6vcv6FEdUJnZW+LqF8IWjQcY3S0d1hLeLKODYOqq4CkrzGyCpce63Nw==",
      "requires": {
        "@netlify/serverless-functions-api": "1.18.1"
      }
    },
    "@netlify/node-cookies": {
      "version": "0.1.0",
      "resolved": "https://registry.npmjs.org/@netlify/node-cookies/-/node-cookies-0.1.0.tgz",
      "integrity": "sha512-OAs1xG+FfLX0LoRASpqzVntVV/RpYkgpI0VrUnw2u0Q1qiZUzcPffxRK8HF3gc4GjuhG5ahOEMJ9bswBiZPq0g=="
    },
    "@netlify/serverless-functions-api": {
      "version": "1.18.1",
      "resolved": "https://registry.npmjs.org/@netlify/serverless-functions-api/-/serverless-functions-api-1.18.1.tgz",
      "integrity": "sha512-DrSvivchuwsuQW03zbVPT3nxCQa5tn7m4aoPOsQKibuJXIuSbfxzCBxPLz0+LchU5ds7YyOaCc9872Y32ngYzg==",
      "requires": {
        "@netlify/node-cookies": "^0.1.0",
        "@opentelemetry/core": "^1.23.0",
        "@opentelemetry/otlp-transformer": "^0.50.0",
        "@opentelemetry/resources": "^1.23.0",
        "@opentelemetry/sdk-trace-base": "^1.23.0",
        "@opentelemetry/semantic-conventions": "^1.23.0",
        "urlpattern-polyfill": "8.0.2"
      }
    },
    "@opentelemetry/api": {
      "version": "1.8.0",
      "resolved": "https://registry.npmjs.org/@opentelemetry/api/-/api-1.8.0.tgz",
      "integrity": "sha512-I/s6F7yKUDdtMsoBWXJe8Qz40Tui5vsuKCWJEWVL+5q9sSWRzzx6v2KeNsOBEwd94j0eWkpWCH4yB6rZg9Mf0w=="
    },
    "@opentelemetry/api-logs": {
      "version": "0.50.0",
      "resolved": "https://registry.npmjs.org/@opentelemetry/api-logs/-/api-logs-0.50.0.tgz",
      "integrity": "sha512-JdZuKrhOYggqOpUljAq4WWNi5nB10PmgoF0y2CvedLGXd0kSawb/UBnWT8gg1ND3bHCNHStAIVT0ELlxJJRqrA==",
      "requires": {
        "@opentelemetry/api": "^1.0.0"
      }
    },
    "@opentelemetry/core": {
      "version": "1.24.0",
      "resolved": "https://registry.npmjs.org/@opentelemetry/core/-/core-1.24.0.tgz",
      "integrity": "sha512-FP2oN7mVPqcdxJDTTnKExj4mi91EH+DNuArKfHTjPuJWe2K1JfMIVXNfahw1h3onJxQnxS8K0stKkogX05s+Aw==",
      "requires": {
        "@opentelemetry/semantic-conventions": "1.24.0"
      }
    },
    "@opentelemetry/otlp-transformer": {
      "version": "0.50.0",
      "resolved": "https://registry.npmjs.org/@opentelemetry/otlp-transformer/-/otlp-transformer-0.50.0.tgz",
      "integrity": "sha512-s0sl1Yfqd5q1Kjrf6DqXPWzErL+XHhrXOfejh4Vc/SMTNqC902xDsC8JQxbjuramWt/+hibfguIvi7Ns8VLolA==",
      "requires": {
        "@opentelemetry/api-logs": "0.50.0",
        "@opentelemetry/core": "1.23.0",
        "@opentelemetry/resources": "1.23.0",
        "@opentelemetry/sdk-logs": "0.50.0",
        "@opentelemetry/sdk-metrics": "1.23.0",
        "@opentelemetry/sdk-trace-base": "1.23.0"
      },
      "dependencies": {
        "@opentelemetry/core": {
          "version": "1.23.0",
          "resolved": "https://registry.npmjs.org/@opentelemetry/core/-/core-1.23.0.tgz",
          "integrity": "sha512-hdQ/a9TMzMQF/BO8Cz1juA43/L5YGtCSiKoOHmrTEf7VMDAZgy8ucpWx3eQTnQ3gBloRcWtzvcrMZABC3PTSKQ==",
          "requires": {
            "@opentelemetry/semantic-conventions": "1.23.0"
          }
        },
        "@opentelemetry/resources": {
          "version": "1.23.0",
          "resolved": "https://registry.npmjs.org/@opentelemetry/resources/-/resources-1.23.0.tgz",
          "integrity": "sha512-iPRLfVfcEQynYGo7e4Di+ti+YQTAY0h5mQEUJcHlU9JOqpb4x965O6PZ+wMcwYVY63G96KtdS86YCM1BF1vQZg==",
          "requires": {
            "@opentelemetry/core": "1.23.0",
            "@opentelemetry/semantic-conventions": "1.23.0"
          }
        },
        "@opentelemetry/sdk-trace-base": {
          "version": "1.23.0",
          "resolved": "https://registry.npmjs.org/@opentelemetry/sdk-trace-base/-/sdk-trace-base-1.23.0.tgz",
          "integrity": "sha512-PzBmZM8hBomUqvCddF/5Olyyviayka44O5nDWq673np3ctnvwMOvNrsUORZjKja1zJbwEuD9niAGbnVrz3jwRQ==",
          "requires": {
            "@opentelemetry/core": "1.23.0",
            "@opentelemetry/resources": "1.23.0",
            "@opentelemetry/semantic-conventions": "1.23.0"
          }
        },
        "@opentelemetry/semantic-conventions": {
          "version": "1.23.0",
          "resolved": "https://registry.npmjs.org/@opentelemetry/semantic-conventions/-/semantic-conventions-1.23.0.tgz",
          "integrity": "sha512-MiqFvfOzfR31t8cc74CTP1OZfz7MbqpAnLCra8NqQoaHJX6ncIRTdYOQYBDQ2uFISDq0WY8Y9dDTWvsgzzBYRg=="
        }
      }
    },
    "@opentelemetry/resources": {
      "version": "1.24.0",
      "resolved": "https://registry.npmjs.org/@opentelemetry/resources/-/resources-1.24.0.tgz",
      "integrity": "sha512-mxC7E7ocUS1tLzepnA7O9/G8G6ZTdjCH2pXme1DDDuCuk6n2/53GADX+GWBuyX0dfIxeMInIbJAdjlfN9GNr6A==",
      "requires": {
        "@opentelemetry/core": "1.24.0",
        "@opentelemetry/semantic-conventions": "1.24.0"
      }
    },
    "@opentelemetry/sdk-logs": {
      "version": "0.50.0",
      "resolved": "https://registry.npmjs.org/@opentelemetry/sdk-logs/-/sdk-logs-0.50.0.tgz",
      "integrity": "sha512-PeUEupBB29p9nlPNqXoa1PUWNLsZnxG0DCDj3sHqzae+8y76B/A5hvZjg03ulWdnvBLYpnJslqzylG9E0IL87g==",
      "requires": {
        "@opentelemetry/core": "1.23.0",
        "@opentelemetry/resources": "1.23.0"
      },
      "dependencies": {
        "@opentelemetry/core": {
          "version": "1.23.0",
          "resolved": "https://registry.npmjs.org/@opentelemetry/core/-/core-1.23.0.tgz",
          "integrity": "sha512-hdQ/a9TMzMQF/BO8Cz1juA43/L5YGtCSiKoOHmrTEf7VMDAZgy8ucpWx3eQTnQ3gBloRcWtzvcrMZABC3PTSKQ==",
          "requires": {
            "@opentelemetry/semantic-conventions": "1.23.0"
          }
        },
        "@opentelemetry/resources": {
          "version": "1.23.0",
          "resolved": "https://registry.npmjs.org/@opentelemetry/resources/-/resources-1.23.0.tgz",
          "integrity": "sha512-iPRLfVfcEQynYGo7e4Di+ti+YQTAY0h5mQEUJcHlU9JOqpb4x965O6PZ+wMcwYVY63G96KtdS86YCM1BF1vQZg==",
          "requires": {
            "@opentelemetry/core": "1.23.0",
            "@opentelemetry/semantic-conventions": "1.23.0"
          }
        },
        "@opentelemetry/semantic-conventions": {
          "version": "1.23.0",
          "resolved": "https://registry.npmjs.org/@opentelemetry/semantic-conventions/-/semantic-conventions-1.23.0.tgz",
          "integrity": "sha512-MiqFvfOzfR31t8cc74CTP1OZfz7MbqpAnLCra8NqQoaHJX6ncIRTdYOQYBDQ2uFISDq0WY8Y9dDTWvsgzzBYRg=="
        }
      }
    },
    "@opentelemetry/sdk-metrics": {
      "version": "1.23.0",
      "resolved": "https://registry.npmjs.org/@opentelemetry/sdk-metrics/-/sdk-metrics-1.23.0.tgz",
      "integrity": "sha512-4OkvW6+wST4h6LFG23rXSTf6nmTf201h9dzq7bE0z5R9ESEVLERZz6WXwE7PSgg1gdjlaznm1jLJf8GttypFDg==",
      "requires": {
        "@opentelemetry/core": "1.23.0",
        "@opentelemetry/resources": "1.23.0",
        "lodash.merge": "^4.6.2"
      },
      "dependencies": {
        "@opentelemetry/core": {
          "version": "1.23.0",
          "resolved": "https://registry.npmjs.org/@opentelemetry/core/-/core-1.23.0.tgz",
          "integrity": "sha512-hdQ/a9TMzMQF/BO8Cz1juA43/L5YGtCSiKoOHmrTEf7VMDAZgy8ucpWx3eQTnQ3gBloRcWtzvcrMZABC3PTSKQ==",
          "requires": {
            "@opentelemetry/semantic-conventions": "1.23.0"
          }
        },
        "@opentelemetry/resources": {
          "version": "1.23.0",
          "resolved": "https://registry.npmjs.org/@opentelemetry/resources/-/resources-1.23.0.tgz",
          "integrity": "sha512-iPRLfVfcEQynYGo7e4Di+ti+YQTAY0h5mQEUJcHlU9JOqpb4x965O6PZ+wMcwYVY63G96KtdS86YCM1BF1vQZg==",
          "requires": {
            "@opentelemetry/core": "1.23.0",
            "@opentelemetry/semantic-conventions": "1.23.0"
          }
        },
        "@opentelemetry/semantic-conventions": {
          "version": "1.23.0",
          "resolved": "https://registry.npmjs.org/@opentelemetry/semantic-conventions/-/semantic-conventions-1.23.0.tgz",
          "integrity": "sha512-MiqFvfOzfR31t8cc74CTP1OZfz7MbqpAnLCra8NqQoaHJX6ncIRTdYOQYBDQ2uFISDq0WY8Y9dDTWvsgzzBYRg=="
        }
      }
    },
    "@opentelemetry/sdk-trace-base": {
      "version": "1.24.0",
      "resolved": "https://registry.npmjs.org/@opentelemetry/sdk-trace-base/-/sdk-trace-base-1.24.0.tgz",
      "integrity": "sha512-H9sLETZ4jw9UJ3totV8oM5R0m4CW0ZIOLfp4NV3g0CM8HD5zGZcaW88xqzWDgiYRpctFxd+WmHtGX/Upoa2vRg==",
      "requires": {
        "@opentelemetry/core": "1.24.0",
        "@opentelemetry/resources": "1.24.0",
        "@opentelemetry/semantic-conventions": "1.24.0"
      }
    },
    "@opentelemetry/semantic-conventions": {
      "version": "1.24.0",
      "resolved": "https://registry.npmjs.org/@opentelemetry/semantic-conventions/-/semantic-conventions-1.24.0.tgz",
      "integrity": "sha512-yL0jI6Ltuz8R+Opj7jClGrul6pOoYrdfVmzQS4SITXRPH7I5IRZbrwe/6/v8v4WYMa6MYZG480S1+uc/IGfqsA=="
    },
    "@types/node": {
      "version": "20.12.12",
      "resolved": "https://registry.npmjs.org/@types/node/-/node-20.12.12.tgz",
      "integrity": "sha512-eWLDGF/FOSPtAvEqeRAQ4C8LSA7M1I7i0ky1I8U7kD1J5ITyW3AsRhQrKVoWf5pFKZ2kILsEGJhsI9r93PYnOw==",
      "requires": {
        "undici-types": "~5.26.4"
      }
    },
    "lodash.merge": {
      "version": "4.6.2",
      "resolved": "https://registry.npmjs.org/lodash.merge/-/lodash.merge-4.6.2.tgz",
      "integrity": "sha512-0KpjqXRVvrYyCsX1swR/XTK0va6VQkQM6MNo7PqW77ByjAhoARA8EfrP1N4+KlKj8YS0ZUCtRT/YUuhyYDujIQ=="
    },
    "typescript": {
      "version": "4.9.5",
      "resolved": "https://registry.npmjs.org/typescript/-/typescript-4.9.5.tgz",
      "integrity": "sha512-1FXk9E2Hm+QzZQ7z+McJiHL4NW1F2EzMu9Nq9i3zAaGqibafqYwCVU6WyWAuyQRRzOlxou8xZSyXLEN8oKj24g=="
    },
    "undici-types": {
      "version": "5.26.5",
      "resolved": "https://registry.npmjs.org/undici-types/-/undici-types-5.26.5.tgz",
      "integrity": "sha512-JlCMO+ehdEIKqlFxk6IfVoAUVmgz7cU7zD/h9XZ0qzeosSHmUJVOzSQvvYSYWXkFXC+IfLKSIffhv0sVZup6pA=="
    },
    "urlpattern-polyfill": {
      "version": "8.0.2",
      "resolved": "https://registry.npmjs.org/urlpattern-polyfill/-/urlpattern-polyfill-8.0.2.tgz",
      "integrity": "sha512-Qp95D4TPJl1kC9SKigDcqgyM2VDVO4RiJc2d4qe5GrYm+zbIQCWWKAFaJNQ4BhdFeDGwBmAxqJBwWSJDb9T3BQ=="
    }
  }
}
