{
  "name": "dev-server-with-v2-functions",
  "version": "1.0.0",
  "lockfileVersion": 3,
  "requires": true,
  "packages": {
    "": {
      "name": "dev-server-with-v2-functions",
      "version": "1.0.0",
      "license": "ISC",
      "dependencies": {
        "@netlify/blobs": "^6.0.1"
      }
    },
    "node_modules/@netlify/blobs": {
      "version": "6.0.1",
      "resolved": "https://registry.npmjs.org/@netlify/blobs/-/blobs-6.0.1.tgz",
      "integrity": "sha512-giwK8g0HwJO5Qmii0OTo3Wmesm/NdIZ2nNh1mYjGKyh5aP5qrVx6aqepyrnsuMQZEFkSdcbprRDY4y1QyX59OA==",
      "engines": {
        "node": "^14.16.0 || >=16.0.0"
      }
    }
  }
}
