{
  "name": "hello-world",
  "version": "1.0.0",
  "lockfileVersion": 2,
  "requires": true,
  "packages": {
    "": {
      "name": "hello-world",
      "version": "1.0.0",
      "license": "MIT",
      "dependencies": {
        "@netlify/functions": "^1.6.0",
        "@types/node": "^14.0.0",
        "typescript": "^4.0.0"
      }
    },
    "node_modules/@netlify/functions": {
      "version": "1.6.0",
      "resolved": "https://registry.npmjs.org/@netlify/functions/-/functions-1.6.0.tgz",
      "integrity": "sha512-6G92AlcpFrQG72XU8YH8pg94eDnq7+Q0YJhb8x4qNpdGsvuzvrfHWBmqFGp/Yshmv4wex9lpsTRZOocdrA2erQ==",
      "dependencies": {
        "is-promise": "^4.0.0"
      },
      "engines": {
        "node": ">=14.0.0"
      }
    },
    "node_modules/@types/node": {
      "version": "14.18.47",
      "resolved": "https://registry.npmjs.org/@types/node/-/node-14.18.47.tgz",
      "integrity": "sha512-OuJi8bIng4wYHHA3YpKauL58dZrPxro3d0tabPHyiNF8rKfGKuVfr83oFlPLmKri1cX+Z3cJP39GXmnqkP11Gw=="
    },
    "node_modules/is-promise": {
      "version": "4.0.0",
      "resolved": "https://registry.npmjs.org/is-promise/-/is-promise-4.0.0.tgz",
      "integrity": "sha512-hvpoI6korhJMnej285dSg6nu1+e6uxs7zG3BYAm5byqDsgJNWwxzM6z6iZiAgQR4TJ30JmBTOwqZUw3WlyH3AQ=="
    },
    "node_modules/typescript": {
      "version": "4.9.5",
      "resolved": "https://registry.npmjs.org/typescript/-/typescript-4.9.5.tgz",
      "integrity": "sha512-1FXk9E2Hm+QzZQ7z+McJiHL4NW1F2EzMu9Nq9i3zAaGqibafqYwCVU6WyWAuyQRRzOlxou8xZSyXLEN8oKj24g==",
      "bin": {
        "tsc": "bin/tsc",
        "tsserver": "bin/tsserver"
      },
      "engines": {
        "node": ">=4.2.0"
      }
    }
  },
  "dependencies": {
    "@netlify/functions": {
      "version": "1.6.0",
      "resolved": "https://registry.npmjs.org/@netlify/functions/-/functions-1.6.0.tgz",
      "integrity": "sha512-6G92AlcpFrQG72XU8YH8pg94eDnq7+Q0YJhb8x4qNpdGsvuzvrfHWBmqFGp/Yshmv4wex9lpsTRZOocdrA2erQ==",
      "requires": {
        "is-promise": "^4.0.0"
      }
    },
    "@types/node": {
      "version": "14.18.47",
      "resolved": "https://registry.npmjs.org/@types/node/-/node-14.18.47.tgz",
      "integrity": "sha512-OuJi8bIng4wYHHA3YpKauL58dZrPxro3d0tabPHyiNF8rKfGKuVfr83oFlPLmKri1cX+Z3cJP39GXmnqkP11Gw=="
    },
    "is-promise": {
      "version": "4.0.0",
      "resolved": "https://registry.npmjs.org/is-promise/-/is-promise-4.0.0.tgz",
      "integrity": "sha512-hvpoI6korhJMnej285dSg6nu1+e6uxs7zG3BYAm5byqDsgJNWwxzM6z6iZiAgQR4TJ30JmBTOwqZUw3WlyH3AQ=="
    },
    "typescript": {
      "version": "4.9.5",
      "resolved": "https://registry.npmjs.org/typescript/-/typescript-4.9.5.tgz",
      "integrity": "sha512-1FXk9E2Hm+QzZQ7z+McJiHL4NW1F2EzMu9Nq9i3zAaGqibafqYwCVU6WyWAuyQRRzOlxou8xZSyXLEN8oKj24g=="
    }
  }
}
