{
  "name": "hello-world",
  "version": "1.0.0",
  "lockfileVersion": 2,
  "requires": true,
  "packages": {
    "": {
      "name": "hello-world",
      "version": "1.0.0",
      "license": "MIT",
      "dependencies": {
        "@netlify/functions": "^1.0.0",
        "@types/node": "^14.0.0",
        "typescript": "^4.0.0"
      }
    },
    "node_modules/@netlify/functions": {
      "version": "1.0.0",
      "resolved": "https://registry.npmjs.org/@netlify/functions/-/functions-1.0.0.tgz",
      "integrity": "sha512-7fnJv3vr8uyyyOYPChwoec6MjzsCw1CoRUO2DhQ1BD6bOyJRlD4DUaOOGlMILB2LCT8P24p5LexEGx8AJb7xdA==",
      "dependencies": {
        "is-promise": "^4.0.0"
      },
      "engines": {
        "node": ">=8.3.0"
      }
    },
    "node_modules/@types/node": {
      "version": "14.18.21",
      "resolved": "https://registry.npmjs.org/@types/node/-/node-14.18.21.tgz",
      "integrity": "sha512-x5W9s+8P4XteaxT/jKF0PSb7XEvo5VmqEWgsMlyeY4ZlLK8I6aH6g5TPPyDlLAep+GYf4kefb7HFyc7PAO3m+Q=="
    },
    "node_modules/is-promise": {
      "version": "4.0.0",
      "resolved": "https://registry.npmjs.org/is-promise/-/is-promise-4.0.0.tgz",
      "integrity": "sha512-hvpoI6korhJMnej285dSg6nu1+e6uxs7zG3BYAm5byqDsgJNWwxzM6z6iZiAgQR4TJ30JmBTOwqZUw3WlyH3AQ=="
    },
    "node_modules/typescript": {
      "version": "4.7.4",
      "resolved": "https://registry.npmjs.org/typescript/-/typescript-4.7.4.tgz",
      "integrity": "sha512-C0WQT0gezHuw6AdY1M2jxUO83Rjf0HP7Sk1DtXj6j1EwkQNZrHAg2XPWlq62oqEhYvONq5pkC2Y9oPljWToLmQ==",
      "bin": {
        "tsc": "bin/tsc",
        "tsserver": "bin/tsserver"
      },
      "engines": {
        "node": ">=4.2.0"
      }
    }
  },
  "dependencies": {
    "@netlify/functions": {
      "version": "1.0.0",
      "resolved": "https://registry.npmjs.org/@netlify/functions/-/functions-1.0.0.tgz",
      "integrity": "sha512-7fnJv3vr8uyyyOYPChwoec6MjzsCw1CoRUO2DhQ1BD6bOyJRlD4DUaOOGlMILB2LCT8P24p5LexEGx8AJb7xdA==",
      "requires": {
        "is-promise": "^4.0.0"
      }
    },
    "@types/node": {
      "version": "14.18.21",
      "resolved": "https://registry.npmjs.org/@types/node/-/node-14.18.21.tgz",
      "integrity": "sha512-x5W9s+8P4XteaxT/jKF0PSb7XEvo5VmqEWgsMlyeY4ZlLK8I6aH6g5TPPyDlLAep+GYf4kefb7HFyc7PAO3m+Q=="
    },
    "is-promise": {
      "version": "4.0.0",
      "resolved": "https://registry.npmjs.org/is-promise/-/is-promise-4.0.0.tgz",
      "integrity": "sha512-hvpoI6korhJMnej285dSg6nu1+e6uxs7zG3BYAm5byqDsgJNWwxzM6z6iZiAgQR4TJ30JmBTOwqZUw3WlyH3AQ=="
    },
    "typescript": {
      "version": "4.7.4",
      "resolved": "https://registry.npmjs.org/typescript/-/typescript-4.7.4.tgz",
      "integrity": "sha512-C0WQT0gezHuw6AdY1M2jxUO83Rjf0HP7Sk1DtXj6j1EwkQNZrHAg2XPWlq62oqEhYvONq5pkC2Y9oPljWToLmQ=="
    }
  }
}
